// !$*UTF8*$!
{
	archiveVersion = 1;
	classes = {
	};
	objectVersion = 55;
	objects = {

/* Begin PBXBuildFile section */
		31161B252788F3AB00D35115 /* AppDelegate.swift in Sources */ = {isa = PBXBuildFile; fileRef = 31161B242788F3AB00D35115 /* AppDelegate.swift */; };
		31161B272788F3AB00D35115 /* SceneDelegate.swift in Sources */ = {isa = PBXBuildFile; fileRef = 31161B262788F3AB00D35115 /* SceneDelegate.swift */; };
		31161B292788F3AB00D35115 /* ViewController.swift in Sources */ = {isa = PBXBuildFile; fileRef = 31161B282788F3AB00D35115 /* ViewController.swift */; };
		31161B2C2788F3AB00D35115 /* Main.storyboard in Resources */ = {isa = PBXBuildFile; fileRef = 31161B2A2788F3AB00D35115 /* Main.storyboard */; };
		31161B2E2788F3AD00D35115 /* Assets.xcassets in Resources */ = {isa = PBXBuildFile; fileRef = 31161B2D2788F3AD00D35115 /* Assets.xcassets */; };
		31161B312788F3AD00D35115 /* LaunchScreen.storyboard in Resources */ = {isa = PBXBuildFile; fileRef = 31161B2F2788F3AD00D35115 /* LaunchScreen.storyboard */; };
		31161B3C2788F3AD00D35115 /* VictoryHQTests.swift in Sources */ = {isa = PBXBuildFile; fileRef = 31161B3B2788F3AD00D35115 /* VictoryHQTests.swift */; };
		31161B462788F3AD00D35115 /* VictoryHQUITests.swift in Sources */ = {isa = PBXBuildFile; fileRef = 31161B452788F3AD00D35115 /* VictoryHQUITests.swift */; };
		31161B482788F3AD00D35115 /* VictoryHQUITestsLaunchTests.swift in Sources */ = {isa = PBXBuildFile; fileRef = 31161B472788F3AD00D35115 /* VictoryHQUITestsLaunchTests.swift */; };
/* End PBXBuildFile section */

/* Begin PBXContainerItemProxy section */
		31161B382788F3AD00D35115 /* PBXContainerItemProxy */ = {
			isa = PBXContainerItemProxy;
			containerPortal = 31161B192788F3AB00D35115 /* Project object */;
			proxyType = 1;
			remoteGlobalIDString = 31161B202788F3AB00D35115;
			remoteInfo = VictoryHQ;
		};
		31161B422788F3AD00D35115 /* PBXContainerItemProxy */ = {
			isa = PBXContainerItemProxy;
			containerPortal = 31161B192788F3AB00D35115 /* Project object */;
			proxyType = 1;
			remoteGlobalIDString = 31161B202788F3AB00D35115;
			remoteInfo = VictoryHQ;
		};
/* End PBXContainerItemProxy section */

/* Begin PBXFileReference section */
		31161B212788F3AB00D35115 /* VictoryHQ.app */ = {isa = PBXFileReference; explicitFileType = wrapper.application; includeInIndex = 0; path = VictoryHQ.app; sourceTree = BUILT_PRODUCTS_DIR; };
		31161B242788F3AB00D35115 /* AppDelegate.swift */ = {isa = PBXFileReference; lastKnownFileType = sourcecode.swift; path = AppDelegate.swift; sourceTree = "<group>"; };
		31161B262788F3AB00D35115 /* SceneDelegate.swift */ = {isa = PBXFileReference; lastKnownFileType = sourcecode.swift; path = SceneDelegate.swift; sourceTree = "<group>"; };
		31161B282788F3AB00D35115 /* ViewController.swift */ = {isa = PBXFileReference; lastKnownFileType = sourcecode.swift; path = ViewController.swift; sourceTree = "<group>"; };
		31161B2B2788F3AB00D35115 /* Base */ = {isa = PBXFileReference; lastKnownFileType = file.storyboard; name = Base; path = Base.lproj/Main.storyboard; sourceTree = "<group>"; };
		31161B2D2788F3AD00D35115 /* Assets.xcassets */ = {isa = PBXFileReference; lastKnownFileType = folder.assetcatalog; path = Assets.xcassets; sourceTree = "<group>"; };
		31161B302788F3AD00D35115 /* Base */ = {isa = PBXFileReference; lastKnownFileType = file.storyboard; name = Base; path = Base.lproj/LaunchScreen.storyboard; sourceTree = "<group>"; };
		31161B322788F3AD00D35115 /* Info.plist */ = {isa = PBXFileReference; lastKnownFileType = text.plist.xml; path = Info.plist; sourceTree = "<group>"; };
		31161B372788F3AD00D35115 /* VictoryHQTests.xctest */ = {isa = PBXFileReference; explicitFileType = wrapper.cfbundle; includeInIndex = 0; path = VictoryHQTests.xctest; sourceTree = BUILT_PRODUCTS_DIR; };
		31161B3B2788F3AD00D35115 /* VictoryHQTests.swift */ = {isa = PBXFileReference; lastKnownFileType = sourcecode.swift; path = VictoryHQTests.swift; sourceTree = "<group>"; };
		31161B412788F3AD00D35115 /* VictoryHQUITests.xctest */ = {isa = PBXFileReference; explicitFileType = wrapper.cfbundle; includeInIndex = 0; path = VictoryHQUITests.xctest; sourceTree = BUILT_PRODUCTS_DIR; };
		31161B452788F3AD00D35115 /* VictoryHQUITests.swift */ = {isa = PBXFileReference; lastKnownFileType = sourcecode.swift; path = VictoryHQUITests.swift; sourceTree = "<group>"; };
		31161B472788F3AD00D35115 /* VictoryHQUITestsLaunchTests.swift */ = {isa = PBXFileReference; lastKnownFileType = sourcecode.swift; path = VictoryHQUITestsLaunchTests.swift; sourceTree = "<group>"; };
/* End PBXFileReference section */

/* Begin PBXFrameworksBuildPhase section */
		31161B1E2788F3AB00D35115 /* Frameworks */ = {
			isa = PBXFrameworksBuildPhase;
			buildActionMask = 2147483647;
			files = (
			);
			runOnlyForDeploymentPostprocessing = 0;
		};
		31161B342788F3AD00D35115 /* Frameworks */ = {
			isa = PBXFrameworksBuildPhase;
			buildActionMask = 2147483647;
			files = (
			);
			runOnlyForDeploymentPostprocessing = 0;
		};
		31161B3E2788F3AD00D35115 /* Frameworks */ = {
			isa = PBXFrameworksBuildPhase;
			buildActionMask = 2147483647;
			files = (
			);
			runOnlyForDeploymentPostprocessing = 0;
		};
/* End PBXFrameworksBuildPhase section */

/* Begin PBXGroup section */
		31161B182788F3AB00D35115 = {
			isa = PBXGroup;
			children = (
				31161B232788F3AB00D35115 /* VictoryHQ */,
				31161B3A2788F3AD00D35115 /* VictoryHQTests */,
				31161B442788F3AD00D35115 /* VictoryHQUITests */,
				31161B222788F3AB00D35115 /* Products */,
			);
			sourceTree = "<group>";
		};
		31161B222788F3AB00D35115 /* Products */ = {
			isa = PBXGroup;
			children = (
				31161B212788F3AB00D35115 /* VictoryHQ.app */,
				31161B372788F3AD00D35115 /* VictoryHQTests.xctest */,
				31161B412788F3AD00D35115 /* VictoryHQUITests.xctest */,
			);
			name = Products;
			sourceTree = "<group>";
		};
		31161B232788F3AB00D35115 /* VictoryHQ */ = {
			isa = PBXGroup;
			children = (
				31161B242788F3AB00D35115 /* AppDelegate.swift */,
				31161B262788F3AB00D35115 /* SceneDelegate.swift */,
				31161B282788F3AB00D35115 /* ViewController.swift */,
				31161B2A2788F3AB00D35115 /* Main.storyboard */,
				31161B2D2788F3AD00D35115 /* Assets.xcassets */,
				31161B2F2788F3AD00D35115 /* LaunchScreen.storyboard */,
				31161B322788F3AD00D35115 /* Info.plist */,
			);
			path = VictoryHQ;
			sourceTree = "<group>";
		};
		31161B3A2788F3AD00D35115 /* VictoryHQTests */ = {
			isa = PBXGroup;
			children = (
				31161B3B2788F3AD00D35115 /* VictoryHQTests.swift */,
			);
			path = VictoryHQTests;
			sourceTree = "<group>";
		};
		31161B442788F3AD00D35115 /* VictoryHQUITests */ = {
			isa = PBXGroup;
			children = (
				31161B452788F3AD00D35115 /* VictoryHQUITests.swift */,
				31161B472788F3AD00D35115 /* VictoryHQUITestsLaunchTests.swift */,
			);
			path = VictoryHQUITests;
			sourceTree = "<group>";
		};
/* End PBXGroup section */

/* Begin PBXNativeTarget section */
		31161B202788F3AB00D35115 /* VictoryHQ */ = {
			isa = PBXNativeTarget;
			buildConfigurationList = 31161B4B2788F3AD00D35115 /* Build configuration list for PBXNativeTarget "VictoryHQ" */;
			buildPhases = (
				31161B1D2788F3AB00D35115 /* Sources */,
				31161B1E2788F3AB00D35115 /* Frameworks */,
				31161B1F2788F3AB00D35115 /* Resources */,
			);
			buildRules = (
			);
			dependencies = (
			);
			name = VictoryHQ;
			productName = VictoryHQ;
			productReference = 31161B212788F3AB00D35115 /* VictoryHQ.app */;
			productType = "com.apple.product-type.application";
		};
		31161B362788F3AD00D35115 /* VictoryHQTests */ = {
			isa = PBXNativeTarget;
			buildConfigurationList = 31161B4E2788F3AD00D35115 /* Build configuration list for PBXNativeTarget "VictoryHQTests" */;
			buildPhases = (
				31161B332788F3AD00D35115 /* Sources */,
				31161B342788F3AD00D35115 /* Frameworks */,
				31161B352788F3AD00D35115 /* Resources */,
			);
			buildRules = (
			);
			dependencies = (
				31161B392788F3AD00D35115 /* PBXTargetDependency */,
			);
			name = VictoryHQTests;
			productName = VictoryHQTests;
			productReference = 31161B372788F3AD00D35115 /* VictoryHQTests.xctest */;
			productType = "com.apple.product-type.bundle.unit-test";
		};
		31161B402788F3AD00D35115 /* VictoryHQUITests */ = {
			isa = PBXNativeTarget;
			buildConfigurationList = 31161B512788F3AD00D35115 /* Build configuration list for PBXNativeTarget "VictoryHQUITests" */;
			buildPhases = (
				31161B3D2788F3AD00D35115 /* Sources */,
				31161B3E2788F3AD00D35115 /* Frameworks */,
				31161B3F2788F3AD00D35115 /* Resources */,
			);
			buildRules = (
			);
			dependencies = (
				31161B432788F3AD00D35115 /* PBXTargetDependency */,
			);
			name = VictoryHQUITests;
			productName = VictoryHQUITests;
			productReference = 31161B412788F3AD00D35115 /* VictoryHQUITests.xctest */;
			productType = "com.apple.product-type.bundle.ui-testing";
		};
/* End PBXNativeTarget section */

/* Begin PBXProject section */
		31161B192788F3AB00D35115 /* Project object */ = {
			isa = PBXProject;
			attributes = {
				BuildIndependentTargetsInParallel = 1;
				LastSwiftUpdateCheck = 1310;
				LastUpgradeCheck = 1310;
				TargetAttributes = {
					31161B202788F3AB00D35115 = {
						CreatedOnToolsVersion = 13.1;
					};
					31161B362788F3AD00D35115 = {
						CreatedOnToolsVersion = 13.1;
						TestTargetID = 31161B202788F3AB00D35115;
					};
					31161B402788F3AD00D35115 = {
						CreatedOnToolsVersion = 13.1;
						TestTargetID = 31161B202788F3AB00D35115;
					};
				};
			};
			buildConfigurationList = 31161B1C2788F3AB00D35115 /* Build configuration list for PBXProject "VictoryHQ" */;
			compatibilityVersion = "Xcode 13.0";
			developmentRegion = en;
			hasScannedForEncodings = 0;
			knownRegions = (
				en,
				Base,
			);
			mainGroup = 31161B182788F3AB00D35115;
			productRefGroup = 31161B222788F3AB00D35115 /* Products */;
			projectDirPath = "";
			projectRoot = "";
			targets = (
				31161B202788F3AB00D35115 /* VictoryHQ */,
				31161B362788F3AD00D35115 /* VictoryHQTests */,
				31161B402788F3AD00D35115 /* VictoryHQUITests */,
			);
		};
/* End PBXProject section */

/* Begin PBXResourcesBuildPhase section */
		31161B1F2788F3AB00D35115 /* Resources */ = {
			isa = PBXResourcesBuildPhase;
			buildActionMask = 2147483647;
			files = (
				31161B312788F3AD00D35115 /* LaunchScreen.storyboard in Resources */,
				31161B2E2788F3AD00D35115 /* Assets.xcassets in Resources */,
				31161B2C2788F3AB00D35115 /* Main.storyboard in Resources */,
			);
			runOnlyForDeploymentPostprocessing = 0;
		};
		31161B352788F3AD00D35115 /* Resources */ = {
			isa = PBXResourcesBuildPhase;
			buildActionMask = 2147483647;
			files = (
			);
			runOnlyForDeploymentPostprocessing = 0;
		};
		31161B3F2788F3AD00D35115 /* Resources */ = {
			isa = PBXResourcesBuildPhase;
			buildActionMask = 2147483647;
			files = (
			);
			runOnlyForDeploymentPostprocessing = 0;
		};
/* End PBXResourcesBuildPhase section */

/* Begin PBXSourcesBuildPhase section */
		31161B1D2788F3AB00D35115 /* Sources */ = {
			isa = PBXSourcesBuildPhase;
			buildActionMask = 2147483647;
			files = (
				31161B292788F3AB00D35115 /* ViewController.swift in Sources */,
				31161B252788F3AB00D35115 /* AppDelegate.swift in Sources */,
				31161B272788F3AB00D35115 /* SceneDelegate.swift in Sources */,
			);
			runOnlyForDeploymentPostprocessing = 0;
		};
		31161B332788F3AD00D35115 /* Sources */ = {
			isa = PBXSourcesBuildPhase;
			buildActionMask = 2147483647;
			files = (
				31161B3C2788F3AD00D35115 /* VictoryHQTests.swift in Sources */,
			);
			runOnlyForDeploymentPostprocessing = 0;
		};
		31161B3D2788F3AD00D35115 /* Sources */ = {
			isa = PBXSourcesBuildPhase;
			buildActionMask = 2147483647;
			files = (
				31161B482788F3AD00D35115 /* VictoryHQUITestsLaunchTests.swift in Sources */,
				31161B462788F3AD00D35115 /* VictoryHQUITests.swift in Sources */,
			);
			runOnlyForDeploymentPostprocessing = 0;
		};
/* End PBXSourcesBuildPhase section */

/* Begin PBXTargetDependency section */
		31161B392788F3AD00D35115 /* PBXTargetDependency */ = {
			isa = PBXTargetDependency;
			target = 31161B202788F3AB00D35115 /* VictoryHQ */;
			targetProxy = 31161B382788F3AD00D35115 /* PBXContainerItemProxy */;
		};
		31161B432788F3AD00D35115 /* PBXTargetDependency */ = {
			isa = PBXTargetDependency;
			target = 31161B202788F3AB00D35115 /* VictoryHQ */;
			targetProxy = 31161B422788F3AD00D35115 /* PBXContainerItemProxy */;
		};
/* End PBXTargetDependency section */

/* Begin PBXVariantGroup section */
		31161B2A2788F3AB00D35115 /* Main.storyboard */ = {
			isa = PBXVariantGroup;
			children = (
				31161B2B2788F3AB00D35115 /* Base */,
			);
			name = Main.storyboard;
			sourceTree = "<group>";
		};
		31161B2F2788F3AD00D35115 /* LaunchScreen.storyboard */ = {
			isa = PBXVariantGroup;
			children = (
				31161B302788F3AD00D35115 /* Base */,
			);
			name = LaunchScreen.storyboard;
			sourceTree = "<group>";
		};
/* End PBXVariantGroup section */

/* Begin XCBuildConfiguration section */
		31161B492788F3AD00D35115 /* Debug */ = {
			isa = XCBuildConfiguration;
			buildSettings = {
				ALWAYS_SEARCH_USER_PATHS = NO;
				CLANG_ANALYZER_NONNULL = YES;
				CLANG_ANALYZER_NUMBER_OBJECT_CONVERSION = YES_AGGRESSIVE;
				CLANG_CXX_LANGUAGE_STANDARD = "gnu++17";
				CLANG_CXX_LIBRARY = "libc++";
				CLANG_ENABLE_MODULES = YES;
				CLANG_ENABLE_OBJC_ARC = YES;
				CLANG_ENABLE_OBJC_WEAK = YES;
				CLANG_WARN_BLOCK_CAPTURE_AUTORELEASING = YES;
				CLANG_WARN_BOOL_CONVERSION = YES;
				CLANG_WARN_COMMA = YES;
				CLANG_WARN_CONSTANT_CONVERSION = YES;
				CLANG_WARN_DEPRECATED_OBJC_IMPLEMENTATIONS = YES;
				CLANG_WARN_DIRECT_OBJC_ISA_USAGE = YES_ERROR;
				CLANG_WARN_DOCUMENTATION_COMMENTS = YES;
				CLANG_WARN_EMPTY_BODY = YES;
				CLANG_WARN_ENUM_CONVERSION = YES;
				CLANG_WARN_INFINITE_RECURSION = YES;
				CLANG_WARN_INT_CONVERSION = YES;
				CLANG_WARN_NON_LITERAL_NULL_CONVERSION = YES;
				CLANG_WARN_OBJC_IMPLICIT_RETAIN_SELF = YES;
				CLANG_WARN_OBJC_LITERAL_CONVERSION = YES;
				CLANG_WARN_OBJC_ROOT_CLASS = YES_ERROR;
				CLANG_WARN_QUOTED_INCLUDE_IN_FRAMEWORK_HEADER = YES;
				CLANG_WARN_RANGE_LOOP_ANALYSIS = YES;
				CLANG_WARN_STRICT_PROTOTYPES = YES;
				CLANG_WARN_SUSPICIOUS_MOVE = YES;
				CLANG_WARN_UNGUARDED_AVAILABILITY = YES_AGGRESSIVE;
				CLANG_WARN_UNREACHABLE_CODE = YES;
				CLANG_WARN__DUPLICATE_METHOD_MATCH = YES;
				COPY_PHASE_STRIP = NO;
				DEBUG_INFORMATION_FORMAT = dwarf;
				ENABLE_STRICT_OBJC_MSGSEND = YES;
				ENABLE_TESTABILITY = YES;
				GCC_C_LANGUAGE_STANDARD = gnu11;
				GCC_DYNAMIC_NO_PIC = NO;
				GCC_NO_COMMON_BLOCKS = YES;
				GCC_OPTIMIZATION_LEVEL = 0;
				GCC_PREPROCESSOR_DEFINITIONS = (
					"DEBUG=1",
					"$(inherited)",
				);
				GCC_WARN_64_TO_32_BIT_CONVERSION = YES;
				GCC_WARN_ABOUT_RETURN_TYPE = YES_ERROR;
				GCC_WARN_UNDECLARED_SELECTOR = YES;
				GCC_WARN_UNINITIALIZED_AUTOS = YES_AGGRESSIVE;
				GCC_WARN_UNUSED_FUNCTION = YES;
				GCC_WARN_UNUSED_VARIABLE = YES;
				IPHONEOS_DEPLOYMENT_TARGET = 15.0;
				MTL_ENABLE_DEBUG_INFO = INCLUDE_SOURCE;
				MTL_FAST_MATH = YES;
				ONLY_ACTIVE_ARCH = YES;
				SDKROOT = iphoneos;
				SWIFT_ACTIVE_COMPILATION_CONDITIONS = DEBUG;
				SWIFT_OPTIMIZATION_LEVEL = "-Onone";
			};
			name = Debug;
		};
		31161B4A2788F3AD00D35115 /* Release */ = {
			isa = XCBuildConfiguration;
			buildSettings = {
				ALWAYS_SEARCH_USER_PATHS = NO;
				CLANG_ANALYZER_NONNULL = YES;
				CLANG_ANALYZER_NUMBER_OBJECT_CONVERSION = YES_AGGRESSIVE;
				CLANG_CXX_LANGUAGE_STANDARD = "gnu++17";
				CLANG_CXX_LIBRARY = "libc++";
				CLANG_ENABLE_MODULES = YES;
				CLANG_ENABLE_OBJC_ARC = YES;
				CLANG_ENABLE_OBJC_WEAK = YES;
				CLANG_WARN_BLOCK_CAPTURE_AUTORELEASING = YES;
				CLANG_WARN_BOOL_CONVERSION = YES;
				CLANG_WARN_COMMA = YES;
				CLANG_WARN_CONSTANT_CONVERSION = YES;
				CLANG_WARN_DEPRECATED_OBJC_IMPLEMENTATIONS = YES;
				CLANG_WARN_DIRECT_OBJC_ISA_USAGE = YES_ERROR;
				CLANG_WARN_DOCUMENTATION_COMMENTS = YES;
				CLANG_WARN_EMPTY_BODY = YES;
				CLANG_WARN_ENUM_CONVERSION = YES;
				CLANG_WARN_INFINITE_RECURSION = YES;
				CLANG_WARN_INT_CONVERSION = YES;
				CLANG_WARN_NON_LITERAL_NULL_CONVERSION = YES;
				CLANG_WARN_OBJC_IMPLICIT_RETAIN_SELF = YES;
				CLANG_WARN_OBJC_LITERAL_CONVERSION = YES;
				CLANG_WARN_OBJC_ROOT_CLASS = YES_ERROR;
				CLANG_WARN_QUOTED_INCLUDE_IN_FRAMEWORK_HEADER = YES;
				CLANG_WARN_RANGE_LOOP_ANALYSIS = YES;
				CLANG_WARN_STRICT_PROTOTYPES = YES;
				CLANG_WARN_SUSPICIOUS_MOVE = YES;
				CLANG_WARN_UNGUARDED_AVAILABILITY = YES_AGGRESSIVE;
				CLANG_WARN_UNREACHABLE_CODE = YES;
				CLANG_WARN__DUPLICATE_METHOD_MATCH = YES;
				COPY_PHASE_STRIP = NO;
				DEBUG_INFORMATION_FORMAT = "dwarf-with-dsym";
				ENABLE_NS_ASSERTIONS = NO;
				ENABLE_STRICT_OBJC_MSGSEND = YES;
				GCC_C_LANGUAGE_STANDARD = gnu11;
				GCC_NO_COMMON_BLOCKS = YES;
				GCC_WARN_64_TO_32_BIT_CONVERSION = YES;
				GCC_WARN_ABOUT_RETURN_TYPE = YES_ERROR;
				GCC_WARN_UNDECLARED_SELECTOR = YES;
				GCC_WARN_UNINITIALIZED_AUTOS = YES_AGGRESSIVE;
				GCC_WARN_UNUSED_FUNCTION = YES;
				GCC_WARN_UNUSED_VARIABLE = YES;
				IPHONEOS_DEPLOYMENT_TARGET = 15.0;
				MTL_ENABLE_DEBUG_INFO = NO;
				MTL_FAST_MATH = YES;
				SDKROOT = iphoneos;
				SWIFT_COMPILATION_MODE = wholemodule;
				SWIFT_OPTIMIZATION_LEVEL = "-O";
				VALIDATE_PRODUCT = YES;
			};
			name = Release;
		};
		31161B4C2788F3AD00D35115 /* Debug */ = {
			isa = XCBuildConfiguration;
			buildSettings = {
				ASSETCATALOG_COMPILER_APPICON_NAME = AppIcon;
				ASSETCATALOG_COMPILER_GLOBAL_ACCENT_COLOR_NAME = AccentColor;
				CODE_SIGN_STYLE = Automatic;
				CURRENT_PROJECT_VERSION = 1;
				DEVELOPMENT_TEAM = S6V29A8HUW;
				GENERATE_INFOPLIST_FILE = YES;
				INFOPLIST_FILE = VictoryHQ/Info.plist;
				INFOPLIST_KEY_UIApplicationSupportsIndirectInputEvents = YES;
				INFOPLIST_KEY_UILaunchStoryboardName = LaunchScreen;
				INFOPLIST_KEY_UIMainStoryboardFile = Main;
				INFOPLIST_KEY_UISupportedInterfaceOrientations_iPad = "UIInterfaceOrientationPortrait UIInterfaceOrientationPortraitUpsideDown UIInterfaceOrientationLandscapeLeft UIInterfaceOrientationLandscapeRight";
				INFOPLIST_KEY_UISupportedInterfaceOrientations_iPhone = "UIInterfaceOrientationPortrait UIInterfaceOrientationLandscapeLeft UIInterfaceOrientationLandscapeRight";
				LD_RUNPATH_SEARCH_PATHS = (
					"$(inherited)",
					"@executable_path/Frameworks",
				);
				MARKETING_VERSION = 1.0;
				PRODUCT_BUNDLE_IDENTIFIER = com.john.VictoryHQ;
				PRODUCT_NAME = "$(TARGET_NAME)";
				SWIFT_EMIT_LOC_STRINGS = YES;
				SWIFT_VERSION = 5.0;
				TARGETED_DEVICE_FAMILY = "1,2";
			};
			name = Debug;
		};
		31161B4D2788F3AD00D35115 /* Release */ = {
			isa = XCBuildConfiguration;
			buildSettings = {
				ASSETCATALOG_COMPILER_APPICON_NAME = AppIcon;
				ASSETCATALOG_COMPILER_GLOBAL_ACCENT_COLOR_NAME = AccentColor;
				CODE_SIGN_STYLE = Automatic;
				CURRENT_PROJECT_VERSION = 1;
				DEVELOPMENT_TEAM = S6V29A8HUW;
				GENERATE_INFOPLIST_FILE = YES;
				INFOPLIST_FILE = VictoryHQ/Info.plist;
				INFOPLIST_KEY_UIApplicationSupportsIndirectInputEvents = YES;
				INFOPLIST_KEY_UILaunchStoryboardName = LaunchScreen;
				INFOPLIST_KEY_UIMainStoryboardFile = Main;
				INFOPLIST_KEY_UISupportedInterfaceOrientations_iPad = "UIInterfaceOrientationPortrait UIInterfaceOrientationPortraitUpsideDown UIInterfaceOrientationLandscapeLeft UIInterfaceOrientationLandscapeRight";
				INFOPLIST_KEY_UISupportedInterfaceOrientations_iPhone = "UIInterfaceOrientationPortrait UIInterfaceOrientationLandscapeLeft UIInterfaceOrientationLandscapeRight";
				LD_RUNPATH_SEARCH_PATHS = (
					"$(inherited)",
					"@executable_path/Frameworks",
				);
				MARKETING_VERSION = 1.0;
				PRODUCT_BUNDLE_IDENTIFIER = com.john.VictoryHQ;
				PRODUCT_NAME = "$(TARGET_NAME)";
				SWIFT_EMIT_LOC_STRINGS = YES;
				SWIFT_VERSION = 5.0;
				TARGETED_DEVICE_FAMILY = "1,2";
			};
			name = Release;
		};
		31161B4F2788F3AD00D35115 /* Debug */ = {
			isa = XCBuildConfiguration;
			buildSettings = {
				ALWAYS_EMBED_SWIFT_STANDARD_LIBRARIES = YES;
				BUNDLE_LOADER = "$(TEST_HOST)";
				CODE_SIGN_STYLE = Automatic;
				CURRENT_PROJECT_VERSION = 1;
				DEVELOPMENT_TEAM = S6V29A8HUW;
				GENERATE_INFOPLIST_FILE = YES;
				IPHONEOS_DEPLOYMENT_TARGET = 15.0;
				LD_RUNPATH_SEARCH_PATHS = (
					"$(inherited)",
					"@executable_path/Frameworks",
					"@loader_path/Frameworks",
				);
				MARKETING_VERSION = 1.0;
				PRODUCT_BUNDLE_IDENTIFIER = com.john.VictoryHQTests;
				PRODUCT_NAME = "$(TARGET_NAME)";
				SWIFT_EMIT_LOC_STRINGS = NO;
				SWIFT_VERSION = 5.0;
				TARGETED_DEVICE_FAMILY = "1,2";
				TEST_HOST = "$(BUILT_PRODUCTS_DIR)/VictoryHQ.app/VictoryHQ";
			};
			name = Debug;
		};
		31161B502788F3AD00D35115 /* Release */ = {
			isa = XCBuildConfiguration;
			buildSettings = {
				ALWAYS_EMBED_SWIFT_STANDARD_LIBRARIES = YES;
				BUNDLE_LOADER = "$(TEST_HOST)";
				CODE_SIGN_STYLE = Automatic;
				CURRENT_PROJECT_VERSION = 1;
				DEVELOPMENT_TEAM = S6V29A8HUW;
				GENERATE_INFOPLIST_FILE = YES;
				IPHONEOS_DEPLOYMENT_TARGET = 15.0;
				LD_RUNPATH_SEARCH_PATHS = (
					"$(inherited)",
					"@executable_path/Frameworks",
					"@loader_path/Frameworks",
				);
				MARKETING_VERSION = 1.0;
				PRODUCT_BUNDLE_IDENTIFIER = com.john.VictoryHQTests;
				PRODUCT_NAME = "$(TARGET_NAME)";
				SWIFT_EMIT_LOC_STRINGS = NO;
				SWIFT_VERSION = 5.0;
				TARGETED_DEVICE_FAMILY = "1,2";
				TEST_HOST = "$(BUILT_PRODUCTS_DIR)/VictoryHQ.app/VictoryHQ";
			};
			name = Release;
		};
		31161B522788F3AD00D35115 /* Debug */ = {
			isa = XCBuildConfiguration;
			buildSettings = {
				ALWAYS_EMBED_SWIFT_STANDARD_LIBRARIES = YES;
				CODE_SIGN_STYLE = Automatic;
				CURRENT_PROJECT_VERSION = 1;
				DEVELOPMENT_TEAM = S6V29A8HUW;
				GENERATE_INFOPLIST_FILE = YES;
				LD_RUNPATH_SEARCH_PATHS = (
					"$(inherited)",
					"@executable_path/Frameworks",
					"@loader_path/Frameworks",
				);
				MARKETING_VERSION = 1.0;
				PRODUCT_BUNDLE_IDENTIFIER = com.john.VictoryHQUITests;
				PRODUCT_NAME = "$(TARGET_NAME)";
				SWIFT_EMIT_LOC_STRINGS = NO;
				SWIFT_VERSION = 5.0;
				TARGETED_DEVICE_FAMILY = "1,2";
				TEST_TARGET_NAME = VictoryHQ;
			};
			name = Debug;
		};
		31161B532788F3AD00D35115 /* Release */ = {
			isa = XCBuildConfiguration;
			buildSettings = {
				ALWAYS_EMBED_SWIFT_STANDARD_LIBRARIES = YES;
				CODE_SIGN_STYLE = Automatic;
				CURRENT_PROJECT_VERSION = 1;
				DEVELOPMENT_TEAM = S6V29A8HUW;
				GENERATE_INFOPLIST_FILE = YES;
				LD_RUNPATH_SEARCH_PATHS = (
					"$(inherited)",
					"@executable_path/Frameworks",
					"@loader_path/Frameworks",
				);
				MARKETING_VERSION = 1.0;
				PRODUCT_BUNDLE_IDENTIFIER = com.john.VictoryHQUITests;
				PRODUCT_NAME = "$(TARGET_NAME)";
				SWIFT_EMIT_LOC_STRINGS = NO;
				SWIFT_VERSION = 5.0;
				TARGETED_DEVICE_FAMILY = "1,2";
				TEST_TARGET_NAME = VictoryHQ;
			};
			name = Release;
		};
/* End XCBuildConfiguration section */

/* Begin XCConfigurationList section */
		31161B1C2788F3AB00D35115 /* Build configuration list for PBXProject "VictoryHQ" */ = {
			isa = XCConfigurationList;
			buildConfigurations = (
				31161B492788F3AD00D35115 /* Debug */,
				31161B4A2788F3AD00D35115 /* Release */,
			);
			defaultConfigurationIsVisible = 0;
			defaultConfigurationName = Release;
		};
		31161B4B2788F3AD00D35115 /* Build configuration list for PBXNativeTarget "VictoryHQ" */ = {
			isa = XCConfigurationList;
			buildConfigurations = (
				31161B4C2788F3AD00D35115 /* Debug */,
				31161B4D2788F3AD00D35115 /* Release */,
			);
			defaultConfigurationIsVisible = 0;
			defaultConfigurationName = Release;
		};
		31161B4E2788F3AD00D35115 /* Build configuration list for PBXNativeTarget "VictoryHQTests" */ = {
			isa = XCConfigurationList;
			buildConfigurations = (
				31161B4F2788F3AD00D35115 /* Debug */,
				31161B502788F3AD00D35115 /* Release */,
			);
			defaultConfigurationIsVisible = 0;
			defaultConfigurationName = Release;
		};
		31161B512788F3AD00D35115 /* Build configuration list for PBXNativeTarget "VictoryHQUITests" */ = {
			isa = XCConfigurationList;
			buildConfigurations = (
				31161B522788F3AD00D35115 /* Debug */,
				31161B532788F3AD00D35115 /* Release */,
			);
			defaultConfigurationIsVisible = 0;
			defaultConfigurationName = Release;
		};
/* End XCConfigurationList section */
	};
	rootObject = 31161B192788F3AB00D35115 /* Project object */;
}
